
Microsoft Visual Studio Solution File, Format Version 12.00
# Visual Studio Version 17
VisualStudioVersion = 17.0.31903.59
MinimumVisualStudioVersion = 10.0.40219.1
Project("{2150E333-8FDC-42A3-9474-1A3956D46DE8}") = "src", "src", "{827E0CD3-B72D-47B6-A68D-7590B98EB39B}"
EndProject
Project("{2150E333-8FDC-42A3-9474-1A3956D46DE8}") = "BuildingBlocks", "BuildingBlocks", "{90298CBA-BD6F-3A0A-69D5-97CAD7B05E7E}"
EndProject
Project("{FAE04EC0-301F-11D3-BF4B-00C04F79EFBC}") = "FraudCell.BuildingBlocks", "src\BuildingBlocks\FraudCell.BuildingBlocks\FraudCell.BuildingBlocks.csproj", "{8F762C69-7BBB-41F6-A916-0935BD9326CC}"
EndProject
Project("{2150E333-8FDC-42A3-9474-1A3956D46DE8}") = "Services", "Services", "{984BB9B3-3FA3-BE33-9484-CAC21695A33C}"
EndProject
Project("{2150E333-8FDC-42A3-9474-1A3956D46DE8}") = "Identity", "Identity", "{1BFC9479-12BF-35C3-06B8-42D89D95092B}"
EndProject
Project("{FAE04EC0-301F-11D3-BF4B-00C04F79EFBC}") = "FraudCell.Identity.Service", "src\Services\Identity\FraudCell.Identity.Service\FraudCell.Identity.Service.csproj", "{2A1ED674-773D-4B8E-9E6E-3AB5B878C88F}"
EndProject
Project("{2150E333-8FDC-42A3-9474-1A3956D46DE8}") = "Transaction", "Transaction", "{8C6FDA76-763E-DDA5-81B3-FD2470074F51}"
EndProject
Project("{FAE04EC0-301F-11D3-BF4B-00C04F79EFBC}") = "FraudCell.Transaction.Service", "src\Services\Transaction\FraudCell.Transaction.Service\FraudCell.Transaction.Service.csproj", "{05B6C8A0-479E-4F08-A007-2F075864CDDE}"
EndProject
Project("{2150E333-8FDC-42A3-9474-1A3956D46DE8}") = "Gamification", "Gamification", "{B56F6E13-21A5-1631-761A-306E2455EDF6}"
EndProject
Project("{FAE04EC0-301F-11D3-BF4B-00C04F79EFBC}") = "FraudCell.Gamification.Service", "src\Services\Gamification\FraudCell.Gamification.Service\FraudCell.Gamification.Service.csproj", "{EF7D830F-7D44-4459-8228-6C9EFB24DBB8}"
EndProject
Project("{2150E333-8FDC-42A3-9474-1A3956D46DE8}") = "Edge", "Edge", "{75C4A783-FBD6-7F73-40E2-A5443D22E4D5}"
EndProject
Project("{FAE04EC0-301F-11D3-BF4B-00C04F79EFBC}") = "FraudCell.Edge.Gateway", "src\Services\Edge\FraudCell.Edge.Gateway\FraudCell.Edge.Gateway.csproj", "{53B5A56B-81E3-4DB4-B7C6-0D6881894E6C}"
EndProject
Global
	GlobalSection(SolutionConfigurationPlatforms) = preSolution
		Debug|Any CPU = Debug|Any CPU
		Debug|x64 = Debug|x64
		Debug|x86 = Debug|x86
		Release|Any CPU = Release|Any CPU
		Release|x64 = Release|x64
		Release|x86 = Release|x86
	EndGlobalSection
	GlobalSection(ProjectConfigurationPlatforms) = postSolution
		{8F762C69-7BBB-41F6-A916-0935BD9326CC}.Debug|Any CPU.ActiveCfg = Debug|Any CPU
		{8F762C69-7BBB-41F6-A916-0935BD9326CC}.Debug|Any CPU.Build.0 = Debug|Any CPU
		{8F762C69-7BBB-41F6-A916-0935BD9326CC}.Debug|x64.ActiveCfg = Debug|Any CPU
		{8F762C69-7BBB-41F6-A916-0935BD9326CC}.Debug|x64.Build.0 = Debug|Any CPU
		{8F762C69-7BBB-41F6-A916-0935BD9326CC}.Debug|x86.ActiveCfg = Debug|Any CPU
		{8F762C69-7BBB-41F6-A916-0935BD9326CC}.Debug|x86.Build.0 = Debug|Any CPU
		{8F762C69-7BBB-41F6-A916-0935BD9326CC}.Release|Any CPU.ActiveCfg = Release|Any CPU
		{8F762C69-7BBB-41F6-A916-0935BD9326CC}.Release|Any CPU.Build.0 = Release|Any CPU
		{8F762C69-7BBB-41F6-A916-0935BD9326CC}.Release|x64.ActiveCfg = Release|Any CPU
		{8F762C69-7BBB-41F6-A916-0935BD9326CC}.Release|x64.Build.0 = Release|Any CPU
		{8F762C69-7BBB-41F6-A916-0935BD9326CC}.Release|x86.ActiveCfg = Release|Any CPU
		{8F762C69-7BBB-41F6-A916-0935BD9326CC}.Release|x86.Build.0 = Release|Any CPU
		{2A1ED674-773D-4B8E-9E6E-3AB5B878C88F}.Debug|Any CPU.ActiveCfg = Debug|Any CPU
		{2A1ED674-773D-4B8E-9E6E-3AB5B878C88F}.Debug|Any CPU.Build.0 = Debug|Any CPU
		{2A1ED674-773D-4B8E-9E6E-3AB5B878C88F}.Debug|x64.ActiveCfg = Debug|Any CPU
		{2A1ED674-773D-4B8E-9E6E-3AB5B878C88F}.Debug|x64.Build.0 = Debug|Any CPU
		{2A1ED674-773D-4B8E-9E6E-3AB5B878C88F}.Debug|x86.ActiveCfg = Debug|Any CPU
		{2A1ED674-773D-4B8E-9E6E-3AB5B878C88F}.Debug|x86.Build.0 = Debug|Any CPU
		{2A1ED674-773D-4B8E-9E6E-3AB5B878C88F}.Release|Any CPU.ActiveCfg = Release|Any CPU
		{2A1ED674-773D-4B8E-9E6E-3AB5B878C88F}.Release|Any CPU.Build.0 = Release|Any CPU
		{2A1ED674-773D-4B8E-9E6E-3AB5B878C88F}.Release|x64.ActiveCfg = Release|Any CPU
		{2A1ED674-773D-4B8E-9E6E-3AB5B878C88F}.Release|x64.Build.0 = Release|Any CPU
		{2A1ED674-773D-4B8E-9E6E-3AB5B878C88F}.Release|x86.ActiveCfg = Release|Any CPU
		{2A1ED674-773D-4B8E-9E6E-3AB5B878C88F}.Release|x86.Build.0 = Release|Any CPU
		{05B6C8A0-479E-4F08-A007-2F075864CDDE}.Debug|Any CPU.ActiveCfg = Debug|Any CPU
		{05B6C8A0-479E-4F08-A007-2F075864CDDE}.Debug|Any CPU.Build.0 = Debug|Any CPU
		{05B6C8A0-479E-4F08-A007-2F075864CDDE}.Debug|x64.ActiveCfg = Debug|Any CPU
		{05B6C8A0-479E-4F08-A007-2F075864CDDE}.Debug|x64.Build.0 = Debug|Any CPU
		{05B6C8A0-479E-4F08-A007-2F075864CDDE}.Debug|x86.ActiveCfg = Debug|Any CPU
		{05B6C8A0-479E-4F08-A007-2F075864CDDE}.Debug|x86.Build.0 = Debug|Any CPU
		{05B6C8A0-479E-4F08-A007-2F075864CDDE}.Release|Any CPU.ActiveCfg = Release|Any CPU
		{05B6C8A0-479E-4F08-A007-2F075864CDDE}.Release|Any CPU.Build.0 = Release|Any CPU
		{05B6C8A0-479E-4F08-A007-2F075864CDDE}.Release|x64.ActiveCfg = Release|Any CPU
		{05B6C8A0-479E-4F08-A007-2F075864CDDE}.Release|x64.Build.0 = Release|Any CPU
		{05B6C8A0-479E-4F08-A007-2F075864CDDE}.Release|x86.ActiveCfg = Release|Any CPU
		{05B6C8A0-479E-4F08-A007-2F075864CDDE}.Release|x86.Build.0 = Release|Any CPU
		{EF7D830F-7D44-4459-8228-6C9EFB24DBB8}.Debug|Any CPU.ActiveCfg = Debug|Any CPU
		{EF7D830F-7D44-4459-8228-6C9EFB24DBB8}.Debug|Any CPU.Build.0 = Debug|Any CPU
		{EF7D830F-7D44-4459-8228-6C9EFB24DBB8}.Debug|x64.ActiveCfg = Debug|Any CPU
		{EF7D830F-7D44-4459-8228-6C9EFB24DBB8}.Debug|x64.Build.0 = Debug|Any CPU
		{EF7D830F-7D44-4459-8228-6C9EFB24DBB8}.Debug|x86.ActiveCfg = Debug|Any CPU
		{EF7D830F-7D44-4459-8228-6C9EFB24DBB8}.Debug|x86.Build.0 = Debug|Any CPU
		{EF7D830F-7D44-4459-8228-6C9EFB24DBB8}.Release|Any CPU.ActiveCfg = Release|Any CPU
		{EF7D830F-7D44-4459-8228-6C9EFB24DBB8}.Release|Any CPU.Build.0 = Release|Any CPU
		{EF7D830F-7D44-4459-8228-6C9EFB24DBB8}.Release|x64.ActiveCfg = Release|Any CPU
		{EF7D830F-7D44-4459-8228-6C9EFB24DBB8}.Release|x64.Build.0 = Release|Any CPU
		{EF7D830F-7D44-4459-8228-6C9EFB24DBB8}.Release|x86.ActiveCfg = Release|Any CPU
		{EF7D830F-7D44-4459-8228-6C9EFB24DBB8}.Release|x86.Build.0 = Release|Any CPU
		{53B5A56B-81E3-4DB4-B7C6-0D6881894E6C}.Debug|Any CPU.ActiveCfg = Debug|Any CPU
		{53B5A56B-81E3-4DB4-B7C6-0D6881894E6C}.Debug|Any CPU.Build.0 = Debug|Any CPU
		{53B5A56B-81E3-4DB4-B7C6-0D6881894E6C}.Debug|x64.ActiveCfg = Debug|Any CPU
		{53B5A56B-81E3-4DB4-B7C6-0D6881894E6C}.Debug|x64.Build.0 = Debug|Any CPU
		{53B5A56B-81E3-4DB4-B7C6-0D6881894E6C}.Debug|x86.ActiveCfg = Debug|Any CPU
		{53B5A56B-81E3-4DB4-B7C6-0D6881894E6C}.Debug|x86.Build.0 = Debug|Any CPU
		{53B5A56B-81E3-4DB4-B7C6-0D6881894E6C}.Release|Any CPU.ActiveCfg = Release|Any CPU
		{53B5A56B-81E3-4DB4-B7C6-0D6881894E6C}.Release|Any CPU.Build.0 = Release|Any CPU
		{53B5A56B-81E3-4DB4-B7C6-0D6881894E6C}.Release|x64.ActiveCfg = Release|Any CPU
		{53B5A56B-81E3-4DB4-B7C6-0D6881894E6C}.Release|x64.Build.0 = Release|Any CPU
		{53B5A56B-81E3-4DB4-B7C6-0D6881894E6C}.Release|x86.ActiveCfg = Release|Any CPU
		{53B5A56B-81E3-4DB4-B7C6-0D6881894E6C}.Release|x86.Build.0 = Release|Any CPU
	EndGlobalSection
	GlobalSection(SolutionProperties) = preSolution
		HideSolutionNode = FALSE
	EndGlobalSection
	GlobalSection(NestedProjects) = preSolution
		{90298CBA-BD6F-3A0A-69D5-97CAD7B05E7E} = {827E0CD3-B72D-47B6-A68D-7590B98EB39B}
		{8F762C69-7BBB-41F6-A916-0935BD9326CC} = {90298CBA-BD6F-3A0A-69D5-97CAD7B05E7E}
		{984BB9B3-3FA3-BE33-9484-CAC21695A33C} = {827E0CD3-B72D-47B6-A68D-7590B98EB39B}
		{1BFC9479-12BF-35C3-06B8-42D89D95092B} = {984BB9B3-3FA3-BE33-9484-CAC21695A33C}
		{2A1ED674-773D-4B8E-9E6E-3AB5B878C88F} = {1BFC9479-12BF-35C3-06B8-42D89D95092B}
		{8C6FDA76-763E-DDA5-81B3-FD2470074F51} = {984BB9B3-3FA3-BE33-9484-CAC21695A33C}
		{05B6C8A0-479E-4F08-A007-2F075864CDDE} = {8C6FDA76-763E-DDA5-81B3-FD2470074F51}
		{B56F6E13-21A5-1631-761A-306E2455EDF6} = {984BB9B3-3FA3-BE33-9484-CAC21695A33C}
		{EF7D830F-7D44-4459-8228-6C9EFB24DBB8} = {B56F6E13-21A5-1631-761A-306E2455EDF6}
		{75C4A783-FBD6-7F73-40E2-A5443D22E4D5} = {984BB9B3-3FA3-BE33-9484-CAC21695A33C}
		{53B5A56B-81E3-4DB4-B7C6-0D6881894E6C} = {75C4A783-FBD6-7F73-40E2-A5443D22E4D5}
	EndGlobalSection
EndGlobal
